
Microsoft Visual Studio Solution File, Format Version 12.00
# Visual Studio 15
VisualStudioVersion = 15.0.27428.2015
MinimumVisualStudioVersion = 10.0.40219.1
Project("{FAE04EC0-301F-11D3-BF4B-00C04F79EFBC}") = "MethodPractice", "MethodPractice\MethodPractice.csproj", "{BEBEC2B7-B623-4796-AB61-6FC42213156F}"
EndProject
Global
	GlobalSection(SolutionConfigurationPlatforms) = preSolution
		Debug|Any CPU = Debug|Any CPU
		Release|Any CPU = Release|Any CPU
	EndGlobalSection
	GlobalSection(ProjectConfigurationPlatforms) = postSolution
		{BEBEC2B7-B623-4796-AB61-6FC42213156F}.Debug|Any CPU.ActiveCfg = Debug|Any CPU
		{BEBEC2B7-B623-4796-AB61-6FC42213156F}.Debug|Any CPU.Build.0 = Debug|Any CPU
		{BEBEC2B7-B623-4796-AB61-6FC42213156F}.Release|Any CPU.ActiveCfg = Release|Any CPU
		{BEBEC2B7-B623-4796-AB61-6FC42213156F}.Release|Any CPU.Build.0 = Release|Any CPU
	EndGlobalSection
	GlobalSection(SolutionProperties) = preSolution
		HideSolutionNode = FALSE
	EndGlobalSection
	GlobalSection(ExtensibilityGlobals) = postSolution
		SolutionGuid = {4CC1533C-5185-4441-826F-001A57F900A0}
	EndGlobalSection
EndGlobal
